
Microsoft Visual Studio Solution File, Format Version 12.00
# Visual Studio Version 16
VisualStudioVersion = 16.0.31205.134
MinimumVisualStudioVersion = 10.0.40219.1
Project("{FAE04EC0-301F-11D3-BF4B-00C04F79EFBC}") = "SalonAPI", "SalonAPI\SalonAPI.csproj", "{AFE7F272-36D9-4FE2-830B-62327B70893F}"
EndProject
Global
	GlobalSection(SolutionConfigurationPlatforms) = preSolution
		Debug|Any CPU = Debug|Any CPU
		Release|Any CPU = Release|Any CPU
	EndGlobalSection
	GlobalSection(ProjectConfigurationPlatforms) = postSolution
		{AFE7F272-36D9-4FE2-830B-62327B70893F}.Debug|Any CPU.ActiveCfg = Debug|Any CPU
		{AFE7F272-36D9-4FE2-830B-62327B70893F}.Debug|Any CPU.Build.0 = Debug|Any CPU
		{AFE7F272-36D9-4FE2-830B-62327B70893F}.Release|Any CPU.ActiveCfg = Release|Any CPU
		{AFE7F272-36D9-4FE2-830B-62327B70893F}.Release|Any CPU.Build.0 = Release|Any CPU
	EndGlobalSection
	GlobalSection(SolutionProperties) = preSolution
		HideSolutionNode = FALSE
	EndGlobalSection
	GlobalSection(ExtensibilityGlobals) = postSolution
		SolutionGuid = {60B742D6-C840-4199-A425-39FABF00308A}
	EndGlobalSection
EndGlobal
